// !$*UTF8*$!
{
	archiveVersion = 1;
	classes = {
	};
	objectVersion = 77;
	objects = {

/* Begin PBXBuildFile section */
		9B330F3674BDE0E75A9BB782 /* Pods_zodiac_zodiacUITests.framework in Frameworks */ = {isa = PBXBuildFile; fileRef = 650A637739F11E6C662DF0AA /* Pods_zodiac_zodiacUITests.framework */; };
		ABC7536C7D3195958234E01E /* Pods_zodiac.framework in Frameworks */ = {isa = PBXBuildFile; fileRef = 0EE11FD7F00FA64741F17BBF /* Pods_zodiac.framework */; };
		D21661CFDC1C5FA83E29D01B /* Pods_zodiacTests.framework in Frameworks */ = {isa = PBXBuildFile; fileRef = 19007506D095279201B77DB8 /* Pods_zodiacTests.framework */; };
/* End PBXBuildFile section */

/* Begin PBXContainerItemProxy section */
		DF0E91FD2CE8EC9600BB2920 /* PBXContainerItemProxy */ = {
			isa = PBXContainerItemProxy;
			containerPortal = DF0E91DE2CE8EC9300BB2920 /* Project object */;
			proxyType = 1;
			remoteGlobalIDString = DF0E91E52CE8EC9300BB2920;
			remoteInfo = zodiac;
		};
		DF0E92072CE8EC9600BB2920 /* PBXContainerItemProxy */ = {
			isa = PBXContainerItemProxy;
			containerPortal = DF0E91DE2CE8EC9300BB2920 /* Project object */;
			proxyType = 1;
			remoteGlobalIDString = DF0E91E52CE8EC9300BB2920;
			remoteInfo = zodiac;
		};
/* End PBXContainerItemProxy section */

/* Begin PBXFileReference section */
		0C3FFB53250BD2CD4DA50CD9 /* Pods-zodiac.release.xcconfig */ = {isa = PBXFileReference; includeInIndex = 1; lastKnownFileType = text.xcconfig; name = "Pods-zodiac.release.xcconfig"; path = "Target Support Files/Pods-zodiac/Pods-zodiac.release.xcconfig"; sourceTree = "<group>"; };
		0EE11FD7F00FA64741F17BBF /* Pods_zodiac.framework */ = {isa = PBXFileReference; explicitFileType = wrapper.framework; includeInIndex = 0; path = Pods_zodiac.framework; sourceTree = BUILT_PRODUCTS_DIR; };
		19007506D095279201B77DB8 /* Pods_zodiacTests.framework */ = {isa = PBXFileReference; explicitFileType = wrapper.framework; includeInIndex = 0; path = Pods_zodiacTests.framework; sourceTree = BUILT_PRODUCTS_DIR; };
		1AAD69BF818BB22A460C3D16 /* Pods-zodiac.debug.xcconfig */ = {isa = PBXFileReference; includeInIndex = 1; lastKnownFileType = text.xcconfig; name = "Pods-zodiac.debug.xcconfig"; path = "Target Support Files/Pods-zodiac/Pods-zodiac.debug.xcconfig"; sourceTree = "<group>"; };
		45408814D7C881F36FDEC727 /* Pods-zodiacTests.debug.xcconfig */ = {isa = PBXFileReference; includeInIndex = 1; lastKnownFileType = text.xcconfig; name = "Pods-zodiacTests.debug.xcconfig"; path = "Target Support Files/Pods-zodiacTests/Pods-zodiacTests.debug.xcconfig"; sourceTree = "<group>"; };
		650A637739F11E6C662DF0AA /* Pods_zodiac_zodiacUITests.framework */ = {isa = PBXFileReference; explicitFileType = wrapper.framework; includeInIndex = 0; path = Pods_zodiac_zodiacUITests.framework; sourceTree = BUILT_PRODUCTS_DIR; };
		9834248F5EABA3F8C1F698D2 /* Pods-zodiac-zodiacUITests.debug.xcconfig */ = {isa = PBXFileReference; includeInIndex = 1; lastKnownFileType = text.xcconfig; name = "Pods-zodiac-zodiacUITests.debug.xcconfig"; path = "Target Support Files/Pods-zodiac-zodiacUITests/Pods-zodiac-zodiacUITests.debug.xcconfig"; sourceTree = "<group>"; };
		DF0E91E62CE8EC9300BB2920 /* zodiac.app */ = {isa = PBXFileReference; explicitFileType = wrapper.application; includeInIndex = 0; path = zodiac.app; sourceTree = BUILT_PRODUCTS_DIR; };
		DF0E91FC2CE8EC9600BB2920 /* zodiacTests.xctest */ = {isa = PBXFileReference; explicitFileType = wrapper.cfbundle; includeInIndex = 0; path = zodiacTests.xctest; sourceTree = BUILT_PRODUCTS_DIR; };
		DF0E92062CE8EC9600BB2920 /* zodiacUITests.xctest */ = {isa = PBXFileReference; explicitFileType = wrapper.cfbundle; includeInIndex = 0; path = zodiacUITests.xctest; sourceTree = BUILT_PRODUCTS_DIR; };
		E8D677C917BC5213CF498E22 /* Pods-zodiac-zodiacUITests.release.xcconfig */ = {isa = PBXFileReference; includeInIndex = 1; lastKnownFileType = text.xcconfig; name = "Pods-zodiac-zodiacUITests.release.xcconfig"; path = "Target Support Files/Pods-zodiac-zodiacUITests/Pods-zodiac-zodiacUITests.release.xcconfig"; sourceTree = "<group>"; };
		F56DD0001C1F58F779F4D44D /* Pods-zodiacTests.release.xcconfig */ = {isa = PBXFileReference; includeInIndex = 1; lastKnownFileType = text.xcconfig; name = "Pods-zodiacTests.release.xcconfig"; path = "Target Support Files/Pods-zodiacTests/Pods-zodiacTests.release.xcconfig"; sourceTree = "<group>"; };
/* End PBXFileReference section */

/* Begin PBXFileSystemSynchronizedBuildFileExceptionSet section */
		DF0E920E2CE8EC9600BB2920 /* Exceptions for "zodiac" folder in "zodiac" target */ = {
			isa = PBXFileSystemSynchronizedBuildFileExceptionSet;
			membershipExceptions = (
				Info.plist,
			);
			target = DF0E91E52CE8EC9300BB2920 /* zodiac */;
		};
/* End PBXFileSystemSynchronizedBuildFileExceptionSet section */

/* Begin PBXFileSystemSynchronizedRootGroup section */
		DF0E91E82CE8EC9300BB2920 /* zodiac */ = {
			isa = PBXFileSystemSynchronizedRootGroup;
			exceptions = (
				DF0E920E2CE8EC9600BB2920 /* Exceptions for "zodiac" folder in "zodiac" target */,
			);
			path = zodiac;
			sourceTree = "<group>";
		};
		DF0E91FF2CE8EC9600BB2920 /* zodiacTests */ = {
			isa = PBXFileSystemSynchronizedRootGroup;
			path = zodiacTests;
			sourceTree = "<group>";
		};
		DF0E92092CE8EC9600BB2920 /* zodiacUITests */ = {
			isa = PBXFileSystemSynchronizedRootGroup;
			path = zodiacUITests;
			sourceTree = "<group>";
		};
/* End PBXFileSystemSynchronizedRootGroup section */

/* Begin PBXFrameworksBuildPhase section */
		DF0E91E32CE8EC9300BB2920 /* Frameworks */ = {
			isa = PBXFrameworksBuildPhase;
			buildActionMask = 2147483647;
			files = (
				ABC7536C7D3195958234E01E /* Pods_zodiac.framework in Frameworks */,
			);
			runOnlyForDeploymentPostprocessing = 0;
		};
		DF0E91F92CE8EC9600BB2920 /* Frameworks */ = {
			isa = PBXFrameworksBuildPhase;
			buildActionMask = 2147483647;
			files = (
				D21661CFDC1C5FA83E29D01B /* Pods_zodiacTests.framework in Frameworks */,
			);
			runOnlyForDeploymentPostprocessing = 0;
		};
		DF0E92032CE8EC9600BB2920 /* Frameworks */ = {
			isa = PBXFrameworksBuildPhase;
			buildActionMask = 2147483647;
			files = (
				9B330F3674BDE0E75A9BB782 /* Pods_zodiac_zodiacUITests.framework in Frameworks */,
			);
			runOnlyForDeploymentPostprocessing = 0;
		};
/* End PBXFrameworksBuildPhase section */

/* Begin PBXGroup section */
		6E3E7F276C565F589994E125 /* Frameworks */ = {
			isa = PBXGroup;
			children = (
				0EE11FD7F00FA64741F17BBF /* Pods_zodiac.framework */,
				650A637739F11E6C662DF0AA /* Pods_zodiac_zodiacUITests.framework */,
				19007506D095279201B77DB8 /* Pods_zodiacTests.framework */,
			);
			name = Frameworks;
			sourceTree = "<group>";
		};
		9B7F9109BBC774A6B6D6E2D7 /* Pods */ = {
			isa = PBXGroup;
			children = (
				1AAD69BF818BB22A460C3D16 /* Pods-zodiac.debug.xcconfig */,
				0C3FFB53250BD2CD4DA50CD9 /* Pods-zodiac.release.xcconfig */,
				9834248F5EABA3F8C1F698D2 /* Pods-zodiac-zodiacUITests.debug.xcconfig */,
				E8D677C917BC5213CF498E22 /* Pods-zodiac-zodiacUITests.release.xcconfig */,
				45408814D7C881F36FDEC727 /* Pods-zodiacTests.debug.xcconfig */,
				F56DD0001C1F58F779F4D44D /* Pods-zodiacTests.release.xcconfig */,
			);
			path = Pods;
			sourceTree = "<group>";
		};
		DF0E91DD2CE8EC9300BB2920 = {
			isa = PBXGroup;
			children = (
				DF0E91E82CE8EC9300BB2920 /* zodiac */,
				DF0E91FF2CE8EC9600BB2920 /* zodiacTests */,
				DF0E92092CE8EC9600BB2920 /* zodiacUITests */,
				DF0E91E72CE8EC9300BB2920 /* Products */,
				9B7F9109BBC774A6B6D6E2D7 /* Pods */,
				6E3E7F276C565F589994E125 /* Frameworks */,
			);
			sourceTree = "<group>";
		};
		DF0E91E72CE8EC9300BB2920 /* Products */ = {
			isa = PBXGroup;
			children = (
				DF0E91E62CE8EC9300BB2920 /* zodiac.app */,
				DF0E91FC2CE8EC9600BB2920 /* zodiacTests.xctest */,
				DF0E92062CE8EC9600BB2920 /* zodiacUITests.xctest */,
			);
			name = Products;
			sourceTree = "<group>";
		};
/* End PBXGroup section */

/* Begin PBXNativeTarget section */
		DF0E91E52CE8EC9300BB2920 /* zodiac */ = {
			isa = PBXNativeTarget;
			buildConfigurationList = DF0E920F2CE8EC9600BB2920 /* Build configuration list for PBXNativeTarget "zodiac" */;
			buildPhases = (
				31369B2BDEA4087F180A8AE7 /* [CP] Check Pods Manifest.lock */,
				DF0E91E22CE8EC9300BB2920 /* Sources */,
				DF0E91E32CE8EC9300BB2920 /* Frameworks */,
				DF0E91E42CE8EC9300BB2920 /* Resources */,
				7DEE07509393E9403F489226 /* [CP] Embed Pods Frameworks */,
			);
			buildRules = (
			);
			dependencies = (
			);
			fileSystemSynchronizedGroups = (
				DF0E91E82CE8EC9300BB2920 /* zodiac */,
			);
			name = zodiac;
			productName = zodiac;
			productReference = DF0E91E62CE8EC9300BB2920 /* zodiac.app */;
			productType = "com.apple.product-type.application";
		};
		DF0E91FB2CE8EC9600BB2920 /* zodiacTests */ = {
			isa = PBXNativeTarget;
			buildConfigurationList = DF0E92142CE8EC9600BB2920 /* Build configuration list for PBXNativeTarget "zodiacTests" */;
			buildPhases = (
				B901BEC42EF08002A031AD31 /* [CP] Check Pods Manifest.lock */,
				DF0E91F82CE8EC9600BB2920 /* Sources */,
				DF0E91F92CE8EC9600BB2920 /* Frameworks */,
				DF0E91FA2CE8EC9600BB2920 /* Resources */,
			);
			buildRules = (
			);
			dependencies = (
				DF0E91FE2CE8EC9600BB2920 /* PBXTargetDependency */,
			);
			fileSystemSynchronizedGroups = (
				DF0E91FF2CE8EC9600BB2920 /* zodiacTests */,
			);
			name = zodiacTests;
			productName = zodiacTests;
			productReference = DF0E91FC2CE8EC9600BB2920 /* zodiacTests.xctest */;
			productType = "com.apple.product-type.bundle.unit-test";
		};
		DF0E92052CE8EC9600BB2920 /* zodiacUITests */ = {
			isa = PBXNativeTarget;
			buildConfigurationList = DF0E92172CE8EC9600BB2920 /* Build configuration list for PBXNativeTarget "zodiacUITests" */;
			buildPhases = (
				966829B37FEECD61B9C5EA45 /* [CP] Check Pods Manifest.lock */,
				DF0E92022CE8EC9600BB2920 /* Sources */,
				DF0E92032CE8EC9600BB2920 /* Frameworks */,
				DF0E92042CE8EC9600BB2920 /* Resources */,
				A3F0FFDCB04ED72DA87C7DF4 /* [CP] Embed Pods Frameworks */,
			);
			buildRules = (
			);
			dependencies = (
				DF0E92082CE8EC9600BB2920 /* PBXTargetDependency */,
			);
			fileSystemSynchronizedGroups = (
				DF0E92092CE8EC9600BB2920 /* zodiacUITests */,
			);
			name = zodiacUITests;
			productName = zodiacUITests;
			productReference = DF0E92062CE8EC9600BB2920 /* zodiacUITests.xctest */;
			productType = "com.apple.product-type.bundle.ui-testing";
		};
/* End PBXNativeTarget section */

/* Begin PBXProject section */
		DF0E91DE2CE8EC9300BB2920 /* Project object */ = {
			isa = PBXProject;
			attributes = {
				BuildIndependentTargetsInParallel = 1;
				LastSwiftUpdateCheck = 1600;
				LastUpgradeCheck = 1600;
				TargetAttributes = {
					DF0E91E52CE8EC9300BB2920 = {
						CreatedOnToolsVersion = 16.0;
					};
					DF0E91FB2CE8EC9600BB2920 = {
						CreatedOnToolsVersion = 16.0;
						TestTargetID = DF0E91E52CE8EC9300BB2920;
					};
					DF0E92052CE8EC9600BB2920 = {
						CreatedOnToolsVersion = 16.0;
						TestTargetID = DF0E91E52CE8EC9300BB2920;
					};
				};
			};
			buildConfigurationList = DF0E91E12CE8EC9300BB2920 /* Build configuration list for PBXProject "zodiac" */;
			developmentRegion = en;
			hasScannedForEncodings = 0;
			knownRegions = (
				en,
				Base,
			);
			mainGroup = DF0E91DD2CE8EC9300BB2920;
			minimizedProjectReferenceProxies = 1;
			preferredProjectObjectVersion = 77;
			productRefGroup = DF0E91E72CE8EC9300BB2920 /* Products */;
			projectDirPath = "";
			projectRoot = "";
			targets = (
				DF0E91E52CE8EC9300BB2920 /* zodiac */,
				DF0E91FB2CE8EC9600BB2920 /* zodiacTests */,
				DF0E92052CE8EC9600BB2920 /* zodiacUITests */,
			);
		};
/* End PBXProject section */

/* Begin PBXResourcesBuildPhase section */
		DF0E91E42CE8EC9300BB2920 /* Resources */ = {
			isa = PBXResourcesBuildPhase;
			buildActionMask = 2147483647;
			files = (
			);
			runOnlyForDeploymentPostprocessing = 0;
		};
		DF0E91FA2CE8EC9600BB2920 /* Resources */ = {
			isa = PBXResourcesBuildPhase;
			buildActionMask = 2147483647;
			files = (
			);
			runOnlyForDeploymentPostprocessing = 0;
		};
		DF0E92042CE8EC9600BB2920 /* Resources */ = {
			isa = PBXResourcesBuildPhase;
			buildActionMask = 2147483647;
			files = (
			);
			runOnlyForDeploymentPostprocessing = 0;
		};
/* End PBXResourcesBuildPhase section */

/* Begin PBXShellScriptBuildPhase section */
		31369B2BDEA4087F180A8AE7 /* [CP] Check Pods Manifest.lock */ = {
			isa = PBXShellScriptBuildPhase;
			buildActionMask = 2147483647;
			files = (
			);
			inputFileListPaths = (
			);
			inputPaths = (
				"${PODS_PODFILE_DIR_PATH}/Podfile.lock",
				"${PODS_ROOT}/Manifest.lock",
			);
			name = "[CP] Check Pods Manifest.lock";
			outputFileListPaths = (
			);
			outputPaths = (
				"$(DERIVED_FILE_DIR)/Pods-zodiac-checkManifestLockResult.txt",
			);
			runOnlyForDeploymentPostprocessing = 0;
			shellPath = /bin/sh;
			shellScript = "diff \"${PODS_PODFILE_DIR_PATH}/Podfile.lock\" \"${PODS_ROOT}/Manifest.lock\" > /dev/null\nif [ $? != 0 ] ; then\n    # print error to STDERR\n    echo \"error: The sandbox is not in sync with the Podfile.lock. Run 'pod install' or update your CocoaPods installation.\" >&2\n    exit 1\nfi\n# This output is used by Xcode 'outputs' to avoid re-running this script phase.\necho \"SUCCESS\" > \"${SCRIPT_OUTPUT_FILE_0}\"\n";
			showEnvVarsInLog = 0;
		};
		7DEE07509393E9403F489226 /* [CP] Embed Pods Frameworks */ = {
			isa = PBXShellScriptBuildPhase;
			buildActionMask = 2147483647;
			files = (
			);
			inputFileListPaths = (
				"${PODS_ROOT}/Target Support Files/Pods-zodiac/Pods-zodiac-frameworks-${CONFIGURATION}-input-files.xcfilelist",
			);
			name = "[CP] Embed Pods Frameworks";
			outputFileListPaths = (
				"${PODS_ROOT}/Target Support Files/Pods-zodiac/Pods-zodiac-frameworks-${CONFIGURATION}-output-files.xcfilelist",
			);
			runOnlyForDeploymentPostprocessing = 0;
			shellPath = /bin/sh;
			shellScript = "\"${PODS_ROOT}/Target Support Files/Pods-zodiac/Pods-zodiac-frameworks.sh\"\n";
			showEnvVarsInLog = 0;
		};
		966829B37FEECD61B9C5EA45 /* [CP] Check Pods Manifest.lock */ = {
			isa = PBXShellScriptBuildPhase;
			buildActionMask = 2147483647;
			files = (
			);
			inputFileListPaths = (
			);
			inputPaths = (
				"${PODS_PODFILE_DIR_PATH}/Podfile.lock",
				"${PODS_ROOT}/Manifest.lock",
			);
			name = "[CP] Check Pods Manifest.lock";
			outputFileListPaths = (
			);
			outputPaths = (
				"$(DERIVED_FILE_DIR)/Pods-zodiac-zodiacUITests-checkManifestLockResult.txt",
			);
			runOnlyForDeploymentPostprocessing = 0;
			shellPath = /bin/sh;
			shellScript = "diff \"${PODS_PODFILE_DIR_PATH}/Podfile.lock\" \"${PODS_ROOT}/Manifest.lock\" > /dev/null\nif [ $? != 0 ] ; then\n    # print error to STDERR\n    echo \"error: The sandbox is not in sync with the Podfile.lock. Run 'pod install' or update your CocoaPods installation.\" >&2\n    exit 1\nfi\n# This output is used by Xcode 'outputs' to avoid re-running this script phase.\necho \"SUCCESS\" > \"${SCRIPT_OUTPUT_FILE_0}\"\n";
			showEnvVarsInLog = 0;
		};
		A3F0FFDCB04ED72DA87C7DF4 /* [CP] Embed Pods Frameworks */ = {
			isa = PBXShellScriptBuildPhase;
			buildActionMask = 2147483647;
			files = (
			);
			inputFileListPaths = (
				"${PODS_ROOT}/Target Support Files/Pods-zodiac-zodiacUITests/Pods-zodiac-zodiacUITests-frameworks-${CONFIGURATION}-input-files.xcfilelist",
			);
			name = "[CP] Embed Pods Frameworks";
			outputFileListPaths = (
				"${PODS_ROOT}/Target Support Files/Pods-zodiac-zodiacUITests/Pods-zodiac-zodiacUITests-frameworks-${CONFIGURATION}-output-files.xcfilelist",
			);
			runOnlyForDeploymentPostprocessing = 0;
			shellPath = /bin/sh;
			shellScript = "\"${PODS_ROOT}/Target Support Files/Pods-zodiac-zodiacUITests/Pods-zodiac-zodiacUITests-frameworks.sh\"\n";
			showEnvVarsInLog = 0;
		};
		B901BEC42EF08002A031AD31 /* [CP] Check Pods Manifest.lock */ = {
			isa = PBXShellScriptBuildPhase;
			buildActionMask = 2147483647;
			files = (
			);
			inputFileListPaths = (
			);
			inputPaths = (
				"${PODS_PODFILE_DIR_PATH}/Podfile.lock",
				"${PODS_ROOT}/Manifest.lock",
			);
			name = "[CP] Check Pods Manifest.lock";
			outputFileListPaths = (
			);
			outputPaths = (
				"$(DERIVED_FILE_DIR)/Pods-zodiacTests-checkManifestLockResult.txt",
			);
			runOnlyForDeploymentPostprocessing = 0;
			shellPath = /bin/sh;
			shellScript = "diff \"${PODS_PODFILE_DIR_PATH}/Podfile.lock\" \"${PODS_ROOT}/Manifest.lock\" > /dev/null\nif [ $? != 0 ] ; then\n    # print error to STDERR\n    echo \"error: The sandbox is not in sync with the Podfile.lock. Run 'pod install' or update your CocoaPods installation.\" >&2\n    exit 1\nfi\n# This output is used by Xcode 'outputs' to avoid re-running this script phase.\necho \"SUCCESS\" > \"${SCRIPT_OUTPUT_FILE_0}\"\n";
			showEnvVarsInLog = 0;
		};
/* End PBXShellScriptBuildPhase section */

/* Begin PBXSourcesBuildPhase section */
		DF0E91E22CE8EC9300BB2920 /* Sources */ = {
			isa = PBXSourcesBuildPhase;
			buildActionMask = 2147483647;
			files = (
			);
			runOnlyForDeploymentPostprocessing = 0;
		};
		DF0E91F82CE8EC9600BB2920 /* Sources */ = {
			isa = PBXSourcesBuildPhase;
			buildActionMask = 2147483647;
			files = (
			);
			runOnlyForDeploymentPostprocessing = 0;
		};
		DF0E92022CE8EC9600BB2920 /* Sources */ = {
			isa = PBXSourcesBuildPhase;
			buildActionMask = 2147483647;
			files = (
			);
			runOnlyForDeploymentPostprocessing = 0;
		};
/* End PBXSourcesBuildPhase section */

/* Begin PBXTargetDependency section */
		DF0E91FE2CE8EC9600BB2920 /* PBXTargetDependency */ = {
			isa = PBXTargetDependency;
			target = DF0E91E52CE8EC9300BB2920 /* zodiac */;
			targetProxy = DF0E91FD2CE8EC9600BB2920 /* PBXContainerItemProxy */;
		};
		DF0E92082CE8EC9600BB2920 /* PBXTargetDependency */ = {
			isa = PBXTargetDependency;
			target = DF0E91E52CE8EC9300BB2920 /* zodiac */;
			targetProxy = DF0E92072CE8EC9600BB2920 /* PBXContainerItemProxy */;
		};
/* End PBXTargetDependency section */

/* Begin XCBuildConfiguration section */
		DF0E92102CE8EC9600BB2920 /* Debug */ = {
			isa = XCBuildConfiguration;
			baseConfigurationReference = 1AAD69BF818BB22A460C3D16 /* Pods-zodiac.debug.xcconfig */;
			buildSettings = {
				ASSETCATALOG_COMPILER_APPICON_NAME = AppIcon;
				ASSETCATALOG_COMPILER_GLOBAL_ACCENT_COLOR_NAME = AccentColor;
				CODE_SIGN_STYLE = Automatic;
				CURRENT_PROJECT_VERSION = 1;
				GENERATE_INFOPLIST_FILE = YES;
				INFOPLIST_FILE = zodiac/Info.plist;
				INFOPLIST_KEY_UIApplicationSupportsIndirectInputEvents = YES;
				INFOPLIST_KEY_UILaunchStoryboardName = LaunchScreen;
				INFOPLIST_KEY_UIMainStoryboardFile = Main;
				INFOPLIST_KEY_UISupportedInterfaceOrientations_iPad = "UIInterfaceOrientationPortrait UIInterfaceOrientationPortraitUpsideDown UIInterfaceOrientationLandscapeLeft UIInterfaceOrientationLandscapeRight";
				INFOPLIST_KEY_UISupportedInterfaceOrientations_iPhone = "UIInterfaceOrientationPortrait UIInterfaceOrientationLandscapeLeft UIInterfaceOrientationLandscapeRight";
				LD_RUNPATH_SEARCH_PATHS = (
					"$(inherited)",
					"@executable_path/Frameworks",
				);
				MARKETING_VERSION = 1.0;
				PRODUCT_BUNDLE_IDENTIFIER = kz.mobydev.zodiac;
				PRODUCT_NAME = "$(TARGET_NAME)";
				SUPPORTED_PLATFORMS = "iphoneos iphonesimulator";
				SUPPORTS_MACCATALYST = NO;
				SUPPORTS_MAC_DESIGNED_FOR_IPHONE_IPAD = NO;
				SUPPORTS_XR_DESIGNED_FOR_IPHONE_IPAD = NO;
				SWIFT_EMIT_LOC_STRINGS = YES;
				SWIFT_VERSION = 5.0;
				TARGETED_DEVICE_FAMILY = "1,2";
			};
			name = Debug;
		};
		DF0E92112CE8EC9600BB2920 /* Release */ = {
			isa = XCBuildConfiguration;
			baseConfigurationReference = 0C3FFB53250BD2CD4DA50CD9 /* Pods-zodiac.release.xcconfig */;
			buildSettings = {
				ASSETCATALOG_COMPILER_APPICON_NAME = AppIcon;
				ASSETCATALOG_COMPILER_GLOBAL_ACCENT_COLOR_NAME = AccentColor;
				CODE_SIGN_STYLE = Automatic;
				CURRENT_PROJECT_VERSION = 1;
				GENERATE_INFOPLIST_FILE = YES;
				INFOPLIST_FILE = zodiac/Info.plist;
				INFOPLIST_KEY_UIApplicationSupportsIndirectInputEvents = YES;
				INFOPLIST_KEY_UILaunchStoryboardName = LaunchScreen;
				INFOPLIST_KEY_UIMainStoryboardFile = Main;
				INFOPLIST_KEY_UISupportedInterfaceOrientations_iPad = "UIInterfaceOrientationPortrait UIInterfaceOrientationPortraitUpsideDown UIInterfaceOrientationLandscapeLeft UIInterfaceOrientationLandscapeRight";
				INFOPLIST_KEY_UISupportedInterfaceOrientations_iPhone = "UIInterfaceOrientationPortrait UIInterfaceOrientationLandscapeLeft UIInterfaceOrientationLandscapeRight";
				LD_RUNPATH_SEARCH_PATHS = (
					"$(inherited)",
					"@executable_path/Frameworks",
				);
				MARKETING_VERSION = 1.0;
				PRODUCT_BUNDLE_IDENTIFIER = kz.mobydev.zodiac;
				PRODUCT_NAME = "$(TARGET_NAME)";
				SUPPORTED_PLATFORMS = "iphoneos iphonesimulator";
				SUPPORTS_MACCATALYST = NO;
				SUPPORTS_MAC_DESIGNED_FOR_IPHONE_IPAD = NO;
				SUPPORTS_XR_DESIGNED_FOR_IPHONE_IPAD = NO;
				SWIFT_EMIT_LOC_STRINGS = YES;
				SWIFT_VERSION = 5.0;
				TARGETED_DEVICE_FAMILY = "1,2";
			};
			name = Release;
		};
		DF0E92122CE8EC9600BB2920 /* Debug */ = {
			isa = XCBuildConfiguration;
			buildSettings = {
				ALWAYS_SEARCH_USER_PATHS = NO;
				ASSETCATALOG_COMPILER_GENERATE_SWIFT_ASSET_SYMBOL_EXTENSIONS = YES;
				CLANG_ANALYZER_NONNULL = YES;
				CLANG_ANALYZER_NUMBER_OBJECT_CONVERSION = YES_AGGRESSIVE;
				CLANG_CXX_LANGUAGE_STANDARD = "gnu++20";
				CLANG_ENABLE_MODULES = YES;
				CLANG_ENABLE_OBJC_ARC = YES;
				CLANG_ENABLE_OBJC_WEAK = YES;
				CLANG_WARN_BLOCK_CAPTURE_AUTORELEASING = YES;
				CLANG_WARN_BOOL_CONVERSION = YES;
				CLANG_WARN_COMMA = YES;
				CLANG_WARN_CONSTANT_CONVERSION = YES;
				CLANG_WARN_DEPRECATED_OBJC_IMPLEMENTATIONS = YES;
				CLANG_WARN_DIRECT_OBJC_ISA_USAGE = YES_ERROR;
				CLANG_WARN_DOCUMENTATION_COMMENTS = YES;
				CLANG_WARN_EMPTY_BODY = YES;
				CLANG_WARN_ENUM_CONVERSION = YES;
				CLANG_WARN_INFINITE_RECURSION = YES;
				CLANG_WARN_INT_CONVERSION = YES;
				CLANG_WARN_NON_LITERAL_NULL_CONVERSION = YES;
				CLANG_WARN_OBJC_IMPLICIT_RETAIN_SELF = YES;
				CLANG_WARN_OBJC_LITERAL_CONVERSION = YES;
				CLANG_WARN_OBJC_ROOT_CLASS = YES_ERROR;
				CLANG_WARN_QUOTED_INCLUDE_IN_FRAMEWORK_HEADER = YES;
				CLANG_WARN_RANGE_LOOP_ANALYSIS = YES;
				CLANG_WARN_STRICT_PROTOTYPES = YES;
				CLANG_WARN_SUSPICIOUS_MOVE = YES;
				CLANG_WARN_UNGUARDED_AVAILABILITY = YES_AGGRESSIVE;
				CLANG_WARN_UNREACHABLE_CODE = YES;
				CLANG_WARN__DUPLICATE_METHOD_MATCH = YES;
				COPY_PHASE_STRIP = NO;
				DEBUG_INFORMATION_FORMAT = dwarf;
				ENABLE_STRICT_OBJC_MSGSEND = YES;
				ENABLE_TESTABILITY = YES;
				ENABLE_USER_SCRIPT_SANDBOXING = NO;
				GCC_C_LANGUAGE_STANDARD = gnu17;
				GCC_DYNAMIC_NO_PIC = NO;
				GCC_NO_COMMON_BLOCKS = YES;
				GCC_OPTIMIZATION_LEVEL = 0;
				GCC_PREPROCESSOR_DEFINITIONS = (
					"DEBUG=1",
					"$(inherited)",
				);
				GCC_WARN_64_TO_32_BIT_CONVERSION = YES;
				GCC_WARN_ABOUT_RETURN_TYPE = YES_ERROR;
				GCC_WARN_UNDECLARED_SELECTOR = YES;
				GCC_WARN_UNINITIALIZED_AUTOS = YES_AGGRESSIVE;
				GCC_WARN_UNUSED_FUNCTION = YES;
				GCC_WARN_UNUSED_VARIABLE = YES;
				IPHONEOS_DEPLOYMENT_TARGET = 18.0;
				LOCALIZATION_PREFERS_STRING_CATALOGS = YES;
				MTL_ENABLE_DEBUG_INFO = INCLUDE_SOURCE;
				MTL_FAST_MATH = YES;
				ONLY_ACTIVE_ARCH = YES;
				SDKROOT = iphoneos;
				SWIFT_ACTIVE_COMPILATION_CONDITIONS = "DEBUG $(inherited)";
				SWIFT_OPTIMIZATION_LEVEL = "-Onone";
			};
			name = Debug;
		};
		DF0E92132CE8EC9600BB2920 /* Release */ = {
			isa = XCBuildConfiguration;
			buildSettings = {
				ALWAYS_SEARCH_USER_PATHS = NO;
				ASSETCATALOG_COMPILER_GENERATE_SWIFT_ASSET_SYMBOL_EXTENSIONS = YES;
				CLANG_ANALYZER_NONNULL = YES;
				CLANG_ANALYZER_NUMBER_OBJECT_CONVERSION = YES_AGGRESSIVE;
				CLANG_CXX_LANGUAGE_STANDARD = "gnu++20";
				CLANG_ENABLE_MODULES = YES;
				CLANG_ENABLE_OBJC_ARC = YES;
				CLANG_ENABLE_OBJC_WEAK = YES;
				CLANG_WARN_BLOCK_CAPTURE_AUTORELEASING = YES;
				CLANG_WARN_BOOL_CONVERSION = YES;
				CLANG_WARN_COMMA = YES;
				CLANG_WARN_CONSTANT_CONVERSION = YES;
				CLANG_WARN_DEPRECATED_OBJC_IMPLEMENTATIONS = YES;
				CLANG_WARN_DIRECT_OBJC_ISA_USAGE = YES_ERROR;
				CLANG_WARN_DOCUMENTATION_COMMENTS = YES;
				CLANG_WARN_EMPTY_BODY = YES;
				CLANG_WARN_ENUM_CONVERSION = YES;
				CLANG_WARN_INFINITE_RECURSION = YES;
				CLANG_WARN_INT_CONVERSION = YES;
				CLANG_WARN_NON_LITERAL_NULL_CONVERSION = YES;
				CLANG_WARN_OBJC_IMPLICIT_RETAIN_SELF = YES;
				CLANG_WARN_OBJC_LITERAL_CONVERSION = YES;
				CLANG_WARN_OBJC_ROOT_CLASS = YES_ERROR;
				CLANG_WARN_QUOTED_INCLUDE_IN_FRAMEWORK_HEADER = YES;
				CLANG_WARN_RANGE_LOOP_ANALYSIS = YES;
				CLANG_WARN_STRICT_PROTOTYPES = YES;
				CLANG_WARN_SUSPICIOUS_MOVE = YES;
				CLANG_WARN_UNGUARDED_AVAILABILITY = YES_AGGRESSIVE;
				CLANG_WARN_UNREACHABLE_CODE = YES;
				CLANG_WARN__DUPLICATE_METHOD_MATCH = YES;
				COPY_PHASE_STRIP = NO;
				DEBUG_INFORMATION_FORMAT = "dwarf-with-dsym";
				ENABLE_NS_ASSERTIONS = NO;
				ENABLE_STRICT_OBJC_MSGSEND = YES;
				ENABLE_USER_SCRIPT_SANDBOXING = NO;
				GCC_C_LANGUAGE_STANDARD = gnu17;
				GCC_NO_COMMON_BLOCKS = YES;
				GCC_WARN_64_TO_32_BIT_CONVERSION = YES;
				GCC_WARN_ABOUT_RETURN_TYPE = YES_ERROR;
				GCC_WARN_UNDECLARED_SELECTOR = YES;
				GCC_WARN_UNINITIALIZED_AUTOS = YES_AGGRESSIVE;
				GCC_WARN_UNUSED_FUNCTION = YES;
				GCC_WARN_UNUSED_VARIABLE = YES;
				IPHONEOS_DEPLOYMENT_TARGET = 18.0;
				LOCALIZATION_PREFERS_STRING_CATALOGS = YES;
				MTL_ENABLE_DEBUG_INFO = NO;
				MTL_FAST_MATH = YES;
				SDKROOT = iphoneos;
				SWIFT_COMPILATION_MODE = wholemodule;
				VALIDATE_PRODUCT = YES;
			};
			name = Release;
		};
		DF0E92152CE8EC9600BB2920 /* Debug */ = {
			isa = XCBuildConfiguration;
			baseConfigurationReference = 45408814D7C881F36FDEC727 /* Pods-zodiacTests.debug.xcconfig */;
			buildSettings = {
				BUNDLE_LOADER = "$(TEST_HOST)";
				CODE_SIGN_STYLE = Automatic;
				CURRENT_PROJECT_VERSION = 1;
				GENERATE_INFOPLIST_FILE = YES;
				IPHONEOS_DEPLOYMENT_TARGET = 18.0;
				MARKETING_VERSION = 1.0;
				PRODUCT_BUNDLE_IDENTIFIER = kz.mobydev.zodiacTests;
				PRODUCT_NAME = "$(TARGET_NAME)";
				SWIFT_EMIT_LOC_STRINGS = NO;
				SWIFT_VERSION = 5.0;
				TARGETED_DEVICE_FAMILY = "1,2";
				TEST_HOST = "$(BUILT_PRODUCTS_DIR)/zodiac.app/$(BUNDLE_EXECUTABLE_FOLDER_PATH)/zodiac";
			};
			name = Debug;
		};
		DF0E92162CE8EC9600BB2920 /* Release */ = {
			isa = XCBuildConfiguration;
			baseConfigurationReference = F56DD0001C1F58F779F4D44D /* Pods-zodiacTests.release.xcconfig */;
			buildSettings = {
				BUNDLE_LOADER = "$(TEST_HOST)";
				CODE_SIGN_STYLE = Automatic;
				CURRENT_PROJECT_VERSION = 1;
				GENERATE_INFOPLIST_FILE = YES;
				IPHONEOS_DEPLOYMENT_TARGET = 18.0;
				MARKETING_VERSION = 1.0;
				PRODUCT_BUNDLE_IDENTIFIER = kz.mobydev.zodiacTests;
				PRODUCT_NAME = "$(TARGET_NAME)";
				SWIFT_EMIT_LOC_STRINGS = NO;
				SWIFT_VERSION = 5.0;
				TARGETED_DEVICE_FAMILY = "1,2";
				TEST_HOST = "$(BUILT_PRODUCTS_DIR)/zodiac.app/$(BUNDLE_EXECUTABLE_FOLDER_PATH)/zodiac";
			};
			name = Release;
		};
		DF0E92182CE8EC9600BB2920 /* Debug */ = {
			isa = XCBuildConfiguration;
			baseConfigurationReference = 9834248F5EABA3F8C1F698D2 /* Pods-zodiac-zodiacUITests.debug.xcconfig */;
			buildSettings = {
				CODE_SIGN_STYLE = Automatic;
				CURRENT_PROJECT_VERSION = 1;
				GENERATE_INFOPLIST_FILE = YES;
				MARKETING_VERSION = 1.0;
				PRODUCT_BUNDLE_IDENTIFIER = kz.mobydev.zodiacUITests;
				PRODUCT_NAME = "$(TARGET_NAME)";
				SWIFT_EMIT_LOC_STRINGS = NO;
				SWIFT_VERSION = 5.0;
				TARGETED_DEVICE_FAMILY = "1,2";
				TEST_TARGET_NAME = zodiac;
			};
			name = Debug;
		};
		DF0E92192CE8EC9600BB2920 /* Release */ = {
			isa = XCBuildConfiguration;
			baseConfigurationReference = E8D677C917BC5213CF498E22 /* Pods-zodiac-zodiacUITests.release.xcconfig */;
			buildSettings = {
				CODE_SIGN_STYLE = Automatic;
				CURRENT_PROJECT_VERSION = 1;
				GENERATE_INFOPLIST_FILE = YES;
				MARKETING_VERSION = 1.0;
				PRODUCT_BUNDLE_IDENTIFIER = kz.mobydev.zodiacUITests;
				PRODUCT_NAME = "$(TARGET_NAME)";
				SWIFT_EMIT_LOC_STRINGS = NO;
				SWIFT_VERSION = 5.0;
				TARGETED_DEVICE_FAMILY = "1,2";
				TEST_TARGET_NAME = zodiac;
			};
			name = Release;
		};
/* End XCBuildConfiguration section */

/* Begin XCConfigurationList section */
		DF0E91E12CE8EC9300BB2920 /* Build configuration list for PBXProject "zodiac" */ = {
			isa = XCConfigurationList;
			buildConfigurations = (
				DF0E92122CE8EC9600BB2920 /* Debug */,
				DF0E92132CE8EC9600BB2920 /* Release */,
			);
			defaultConfigurationIsVisible = 0;
			defaultConfigurationName = Release;
		};
		DF0E920F2CE8EC9600BB2920 /* Build configuration list for PBXNativeTarget "zodiac" */ = {
			isa = XCConfigurationList;
			buildConfigurations = (
				DF0E92102CE8EC9600BB2920 /* Debug */,
				DF0E92112CE8EC9600BB2920 /* Release */,
			);
			defaultConfigurationIsVisible = 0;
			defaultConfigurationName = Release;
		};
		DF0E92142CE8EC9600BB2920 /* Build configuration list for PBXNativeTarget "zodiacTests" */ = {
			isa = XCConfigurationList;
			buildConfigurations = (
				DF0E92152CE8EC9600BB2920 /* Debug */,
				DF0E92162CE8EC9600BB2920 /* Release */,
			);
			defaultConfigurationIsVisible = 0;
			defaultConfigurationName = Release;
		};
		DF0E92172CE8EC9600BB2920 /* Build configuration list for PBXNativeTarget "zodiacUITests" */ = {
			isa = XCConfigurationList;
			buildConfigurations = (
				DF0E92182CE8EC9600BB2920 /* Debug */,
				DF0E92192CE8EC9600BB2920 /* Release */,
			);
			defaultConfigurationIsVisible = 0;
			defaultConfigurationName = Release;
		};
/* End XCConfigurationList section */
	};
	rootObject = DF0E91DE2CE8EC9300BB2920 /* Project object */;
}
